
Microsoft Visual Studio Solution File, Format Version 12.00
# Visual Studio Version 17
VisualStudioVersion = 17.2.32526.322
MinimumVisualStudioVersion = 10.0.40219.1
Project("{FAE04EC0-301F-11D3-BF4B-00C04F79EFBC}") = "Practical_4_8_ConsoleApp1", "Practical_4_8_ConsoleApp1\Practical_4_8_ConsoleApp1.csproj", "{5476B365-B10E-4347-A0BC-8F0A8704199A}"
EndProject
Global
	GlobalSection(SolutionConfigurationPlatforms) = preSolution
		Debug|Any CPU = Debug|Any CPU
		Release|Any CPU = Release|Any CPU
	EndGlobalSection
	GlobalSection(ProjectConfigurationPlatforms) = postSolution
		{5476B365-B10E-4347-A0BC-8F0A8704199A}.Debug|Any CPU.ActiveCfg = Debug|Any CPU
		{5476B365-B10E-4347-A0BC-8F0A8704199A}.Debug|Any CPU.Build.0 = Debug|Any CPU
		{5476B365-B10E-4347-A0BC-8F0A8704199A}.Release|Any CPU.ActiveCfg = Release|Any CPU
		{5476B365-B10E-4347-A0BC-8F0A8704199A}.Release|Any CPU.Build.0 = Release|Any CPU
	EndGlobalSection
	GlobalSection(SolutionProperties) = preSolution
		HideSolutionNode = FALSE
	EndGlobalSection
	GlobalSection(ExtensibilityGlobals) = postSolution
		SolutionGuid = {87A0529A-F2AE-4A3D-AFBB-9A8007EEF0DC}
	EndGlobalSection
EndGlobal
